
Microsoft Visual Studio Solution File, Format Version 12.00
# Visual Studio Version 17
VisualStudioVersion = 17.14.37216.2
MinimumVisualStudioVersion = 10.0.40219.1
Project("{8BC9CEB8-8B4A-11D0-8D11-00A0C91BC942}") = "fluffi-bot", "src\fluffi-bot.vcxproj", "{534E38B8-7CB7-42F5-A86A-298F7E8E1474}"
EndProject
Global
	GlobalSection(SolutionConfigurationPlatforms) = preSolution
		Debug|ARM = Debug|ARM
		Debug|ARM64 = Debug|ARM64
		Debug|x64 = Debug|x64
		Debug|x86 = Debug|x86
		Release|ARM = Release|ARM
		Release|ARM64 = Release|ARM64
		Release|x64 = Release|x64
		Release|x86 = Release|x86
	EndGlobalSection
	GlobalSection(ProjectConfigurationPlatforms) = postSolution
		{534E38B8-7CB7-42F5-A86A-298F7E8E1474}.Debug|ARM.ActiveCfg = Debug|ARM
		{534E38B8-7CB7-42F5-A86A-298F7E8E1474}.Debug|ARM.Build.0 = Debug|ARM
		{534E38B8-7CB7-42F5-A86A-298F7E8E1474}.Debug|ARM.Deploy.0 = Debug|ARM
		{534E38B8-7CB7-42F5-A86A-298F7E8E1474}.Debug|ARM64.ActiveCfg = Debug|ARM64
		{534E38B8-7CB7-42F5-A86A-298F7E8E1474}.Debug|ARM64.Build.0 = Debug|ARM64
		{534E38B8-7CB7-42F5-A86A-298F7E8E1474}.Debug|ARM64.Deploy.0 = Debug|ARM64
		{534E38B8-7CB7-42F5-A86A-298F7E8E1474}.Debug|x64.ActiveCfg = Debug|x64
		{534E38B8-7CB7-42F5-A86A-298F7E8E1474}.Debug|x64.Build.0 = Debug|x64
		{534E38B8-7CB7-42F5-A86A-298F7E8E1474}.Debug|x64.Deploy.0 = Debug|x64
		{534E38B8-7CB7-42F5-A86A-298F7E8E1474}.Debug|x86.ActiveCfg = Debug|x86
		{534E38B8-7CB7-42F5-A86A-298F7E8E1474}.Debug|x86.Build.0 = Debug|x86
		{534E38B8-7CB7-42F5-A86A-298F7E8E1474}.Debug|x86.Deploy.0 = Debug|x86
		{534E38B8-7CB7-42F5-A86A-298F7E8E1474}.Release|ARM.ActiveCfg = Release|ARM
		{534E38B8-7CB7-42F5-A86A-298F7E8E1474}.Release|ARM.Build.0 = Release|ARM
		{534E38B8-7CB7-42F5-A86A-298F7E8E1474}.Release|ARM.Deploy.0 = Release|ARM
		{534E38B8-7CB7-42F5-A86A-298F7E8E1474}.Release|ARM64.ActiveCfg = Release|ARM64
		{534E38B8-7CB7-42F5-A86A-298F7E8E1474}.Release|ARM64.Build.0 = Release|ARM64
		{534E38B8-7CB7-42F5-A86A-298F7E8E1474}.Release|ARM64.Deploy.0 = Release|ARM64
		{534E38B8-7CB7-42F5-A86A-298F7E8E1474}.Release|x64.ActiveCfg = Release|x64
		{534E38B8-7CB7-42F5-A86A-298F7E8E1474}.Release|x64.Build.0 = Release|x64
		{534E38B8-7CB7-42F5-A86A-298F7E8E1474}.Release|x64.Deploy.0 = Release|x64
		{534E38B8-7CB7-42F5-A86A-298F7E8E1474}.Release|x86.ActiveCfg = Release|x86
		{534E38B8-7CB7-42F5-A86A-298F7E8E1474}.Release|x86.Build.0 = Release|x86
		{534E38B8-7CB7-42F5-A86A-298F7E8E1474}.Release|x86.Deploy.0 = Release|x86
	EndGlobalSection
	GlobalSection(SolutionProperties) = preSolution
		HideSolutionNode = FALSE
	EndGlobalSection
	GlobalSection(ExtensibilityGlobals) = postSolution
		SolutionGuid = {4DC814E3-3559-4B63-8D55-706D64AD58F4}
	EndGlobalSection
EndGlobal
